
Microsoft Visual Studio Solution File, Format Version 12.00
# Visual Studio Version 16
VisualStudioVersion = 16.0.32901.82
MinimumVisualStudioVersion = 10.0.40219.1
Project("{FAE04EC0-301F-11D3-BF4B-00C04F79EFBC}") = "StringMethods", "StringMethods\StringMethods.csproj", "{1CC377FB-2C9C-48CA-967D-613CD14B8AD5}"
EndProject
Global
	GlobalSection(SolutionConfigurationPlatforms) = preSolution
		Debug|Any CPU = Debug|Any CPU
		Release|Any CPU = Release|Any CPU
	EndGlobalSection
	GlobalSection(ProjectConfigurationPlatforms) = postSolution
		{1CC377FB-2C9C-48CA-967D-613CD14B8AD5}.Debug|Any CPU.ActiveCfg = Debug|Any CPU
		{1CC377FB-2C9C-48CA-967D-613CD14B8AD5}.Debug|Any CPU.Build.0 = Debug|Any CPU
		{1CC377FB-2C9C-48CA-967D-613CD14B8AD5}.Release|Any CPU.ActiveCfg = Release|Any CPU
		{1CC377FB-2C9C-48CA-967D-613CD14B8AD5}.Release|Any CPU.Build.0 = Release|Any CPU
	EndGlobalSection
	GlobalSection(SolutionProperties) = preSolution
		HideSolutionNode = FALSE
	EndGlobalSection
	GlobalSection(ExtensibilityGlobals) = postSolution
		SolutionGuid = {85F3CD5C-36FB-4226-9A4C-31B6EA10D1B6}
	EndGlobalSection
EndGlobal
